
Microsoft Visual Studio Solution File, Format Version 12.00
# Visual Studio 2017
Project("{FAE04EC0-301F-11D3-BF4B-00C04F79EFBC}") = "MINF_AttentionConference", "MINF_AttentionConference.csproj", "{9AA2E874-C14E-8B23-1B49-52F2E468D5F7}"
EndProject
Project("{FAE04EC0-301F-11D3-BF4B-00C04F79EFBC}") = "MINF_AttentionConference.Plugins", "MINF_AttentionConference.Plugins.csproj", "{54186035-86B0-D9B4-E3B7-4686A1B7D254}"
EndProject
Project("{FAE04EC0-301F-11D3-BF4B-00C04F79EFBC}") = "MINF_AttentionConference.Editor", "MINF_AttentionConference.Editor.csproj", "{79A2ECF1-E2F0-6899-48D0-981E47770F57}"
EndProject
Project("{FAE04EC0-301F-11D3-BF4B-00C04F79EFBC}") = "MINF_AttentionConference.Editor.Plugins", "MINF_AttentionConference.Editor.Plugins.csproj", "{A492330F-3909-0F77-16DF-0314D371E0CD}"
EndProject
Global
	GlobalSection(SolutionConfigurationPlatforms) = preSolution
		Debug|Any CPU = Debug|Any CPU
		Release|Any CPU = Release|Any CPU
	EndGlobalSection
	GlobalSection(ProjectConfigurationPlatforms) = postSolution
		{9AA2E874-C14E-8B23-1B49-52F2E468D5F7}.Debug|Any CPU.ActiveCfg = Debug|Any CPU
		{9AA2E874-C14E-8B23-1B49-52F2E468D5F7}.Debug|Any CPU.Build.0 = Debug|Any CPU
		{9AA2E874-C14E-8B23-1B49-52F2E468D5F7}.Release|Any CPU.ActiveCfg = Release|Any CPU
		{9AA2E874-C14E-8B23-1B49-52F2E468D5F7}.Release|Any CPU.Build.0 = Release|Any CPU
		{54186035-86B0-D9B4-E3B7-4686A1B7D254}.Debug|Any CPU.ActiveCfg = Debug|Any CPU
		{54186035-86B0-D9B4-E3B7-4686A1B7D254}.Debug|Any CPU.Build.0 = Debug|Any CPU
		{54186035-86B0-D9B4-E3B7-4686A1B7D254}.Release|Any CPU.ActiveCfg = Release|Any CPU
		{54186035-86B0-D9B4-E3B7-4686A1B7D254}.Release|Any CPU.Build.0 = Release|Any CPU
		{79A2ECF1-E2F0-6899-48D0-981E47770F57}.Debug|Any CPU.ActiveCfg = Debug|Any CPU
		{79A2ECF1-E2F0-6899-48D0-981E47770F57}.Debug|Any CPU.Build.0 = Debug|Any CPU
		{79A2ECF1-E2F0-6899-48D0-981E47770F57}.Release|Any CPU.ActiveCfg = Release|Any CPU
		{79A2ECF1-E2F0-6899-48D0-981E47770F57}.Release|Any CPU.Build.0 = Release|Any CPU
		{A492330F-3909-0F77-16DF-0314D371E0CD}.Debug|Any CPU.ActiveCfg = Debug|Any CPU
		{A492330F-3909-0F77-16DF-0314D371E0CD}.Debug|Any CPU.Build.0 = Debug|Any CPU
		{A492330F-3909-0F77-16DF-0314D371E0CD}.Release|Any CPU.ActiveCfg = Release|Any CPU
		{A492330F-3909-0F77-16DF-0314D371E0CD}.Release|Any CPU.Build.0 = Release|Any CPU
	EndGlobalSection
	GlobalSection(SolutionProperties) = preSolution
		HideSolutionNode = FALSE
	EndGlobalSection
EndGlobal
